
Microsoft Visual Studio Solution File, Format Version 12.00
# Visual Studio Version 17
VisualStudioVersion = 17.9.34622.214
MinimumVisualStudioVersion = 10.0.40219.1
Project("{FAE04EC0-301F-11D3-BF4B-00C04F79EFBC}") = "ExploringActions", "ExploringActions\ExploringActions.csproj", "{F99DFE0C-9099-41D6-AA95-FE809304FE55}"
EndProject
Project("{FAE04EC0-301F-11D3-BF4B-00C04F79EFBC}") = "TestExploringActions", "TestExploringActions\TestExploringActions.csproj", "{16567571-7192-43B6-A7E3-C504770E2ED2}"
EndProject
Global
	GlobalSection(SolutionConfigurationPlatforms) = preSolution
		Debug|Any CPU = Debug|Any CPU
		Release|Any CPU = Release|Any CPU
	EndGlobalSection
	GlobalSection(ProjectConfigurationPlatforms) = postSolution
		{F99DFE0C-9099-41D6-AA95-FE809304FE55}.Debug|Any CPU.ActiveCfg = Debug|Any CPU
		{F99DFE0C-9099-41D6-AA95-FE809304FE55}.Debug|Any CPU.Build.0 = Debug|Any CPU
		{F99DFE0C-9099-41D6-AA95-FE809304FE55}.Release|Any CPU.ActiveCfg = Release|Any CPU
		{F99DFE0C-9099-41D6-AA95-FE809304FE55}.Release|Any CPU.Build.0 = Release|Any CPU
		{16567571-7192-43B6-A7E3-C504770E2ED2}.Debug|Any CPU.ActiveCfg = Debug|Any CPU
		{16567571-7192-43B6-A7E3-C504770E2ED2}.Debug|Any CPU.Build.0 = Debug|Any CPU
		{16567571-7192-43B6-A7E3-C504770E2ED2}.Release|Any CPU.ActiveCfg = Release|Any CPU
		{16567571-7192-43B6-A7E3-C504770E2ED2}.Release|Any CPU.Build.0 = Release|Any CPU
	EndGlobalSection
	GlobalSection(SolutionProperties) = preSolution
		HideSolutionNode = FALSE
	EndGlobalSection
	GlobalSection(ExtensibilityGlobals) = postSolution
		SolutionGuid = {8DB86EE7-39D0-4F9D-A5DE-F828B2EB4404}
	EndGlobalSection
EndGlobal
